
Microsoft Visual Studio Solution File, Format Version 12.00
# Visual Studio 15
VisualStudioVersion = 15.0.26730.12
MinimumVisualStudioVersion = 10.0.40219.1
Project("{2150E333-8FDC-42A3-9474-1A3956D46DE8}") = "Tests", "Tests", "{FA1F1547-D763-4FAE-B24E-DB4FF4CBE5D4}"
EndProject
Project("{9A19103F-16F7-4668-BE54-9A1E7A4F7556}") = "DevOpsFlex.KeyVaultPocoCLI.Tests", "DevOpsFlex.KeyVaultPocoCLI.Tests\DevOpsFlex.KeyVaultPocoCLI.Tests.csproj", "{4665F5A8-8161-41B7-91E4-B8078BD4FD0E}"
EndProject
Project("{9A19103F-16F7-4668-BE54-9A1E7A4F7556}") = "DevOpsFlex.KeyVaultPocoCLI", "DevOpsFlex.KeyVaultPocoCLI\DevOpsFlex.KeyVaultPocoCLI.csproj", "{D136EF8E-C3D6-4303-AA0E-96D7F0E88D79}"
EndProject
Global
	GlobalSection(SolutionConfigurationPlatforms) = preSolution
		Debug|Any CPU = Debug|Any CPU
		Release|Any CPU = Release|Any CPU
	EndGlobalSection
	GlobalSection(ProjectConfigurationPlatforms) = postSolution
		{4665F5A8-8161-41B7-91E4-B8078BD4FD0E}.Debug|Any CPU.ActiveCfg = Debug|Any CPU
		{4665F5A8-8161-41B7-91E4-B8078BD4FD0E}.Debug|Any CPU.Build.0 = Debug|Any CPU
		{4665F5A8-8161-41B7-91E4-B8078BD4FD0E}.Release|Any CPU.ActiveCfg = Release|Any CPU
		{4665F5A8-8161-41B7-91E4-B8078BD4FD0E}.Release|Any CPU.Build.0 = Release|Any CPU
		{D136EF8E-C3D6-4303-AA0E-96D7F0E88D79}.Debug|Any CPU.ActiveCfg = Debug|Any CPU
		{D136EF8E-C3D6-4303-AA0E-96D7F0E88D79}.Debug|Any CPU.Build.0 = Debug|Any CPU
		{D136EF8E-C3D6-4303-AA0E-96D7F0E88D79}.Release|Any CPU.ActiveCfg = Release|Any CPU
		{D136EF8E-C3D6-4303-AA0E-96D7F0E88D79}.Release|Any CPU.Build.0 = Release|Any CPU
	EndGlobalSection
	GlobalSection(SolutionProperties) = preSolution
		HideSolutionNode = FALSE
	EndGlobalSection
	GlobalSection(NestedProjects) = preSolution
		{4665F5A8-8161-41B7-91E4-B8078BD4FD0E} = {FA1F1547-D763-4FAE-B24E-DB4FF4CBE5D4}
	EndGlobalSection
	GlobalSection(ExtensibilityGlobals) = postSolution
		SolutionGuid = {20B4A681-9789-442B-BD1D-B2BC4A303D01}
	EndGlobalSection
EndGlobal
